PODS:
  - AsyncDisplayKit (2.0-beta.1):
    - AsyncDisplayKit/PINRemoteImage (= 2.0-beta.1)
  - AsyncDisplayKit/ASDealloc2MainObject (2.0-beta.1)
  - AsyncDisplayKit/Core (2.0-beta.1):
    - AsyncDisplayKit/ASDealloc2MainObject
  - AsyncDisplayKit/PINRemoteImage (2.0-beta.1):
    - AsyncDisplayKit/Core
    - PINRemoteImage/iOS (= 3.0.0-beta.6)
    - PINRemoteImage/PINCache
  - BKDeltaCalculator (1.1.2)
  - Masonry (1.0.2)
  - MBProgressHUD (1.0.0)
  - MMPopupView (1.7.2):
    - Masonry
  - Ono (1.2.2)
  - PINCache (3.0.1-beta.2):
    - PINCache/Arc-exception-safe (= 3.0.1-beta.2)
    - PINCache/Core (= 3.0.1-beta.2)
  - PINCache/Arc-exception-safe (3.0.1-beta.2):
    - PINCache/Core
  - PINCache/Core (3.0.1-beta.2)
  - PINRemoteImage/Core (3.0.0-beta.6)
  - PINRemoteImage/iOS (3.0.0-beta.6):
    - PINRemoteImage/Core
  - PINRemoteImage/PINCache (3.0.0-beta.6):
    - PINCache (= 3.0.1-beta.2)
    - PINRemoteImage/Core
  - Realm (2.3.0):
    - Realm/Headers (= 2.3.0)
  - Realm/Headers (2.3.0)

DEPENDENCIES:
  - AsyncDisplayKit (>= 2.0-beta.1)
  - BKDeltaCalculator
  - Masonry
  - MBProgressHUD
  - MMPopupView
  - Ono
  - Realm (>= 2.3)

SPEC CHECKSUMS:
  AsyncDisplayKit: 4d4403eb61b2b667866e98ca8b7fab6cec497b68
  BKDeltaCalculator: 82a683fe822144496e99df1d6f30af9f63f0e356
  Masonry: 7c429b56da9d4ee0bbb3ed77a5ea710d6a5df39e
  MBProgressHUD: 4890f671c94e8a0f3cf959aa731e9de2f036d71a
  MMPopupView: fe1dd010824029dfb632fdf1a531db5dd5386020
  Ono: 80b1c686777d3f6d5d5ce6fcac8a74afef4ca197
  PINCache: 6d273a6e0754bd26e3f12a38a90dde73cc6a42b2
  PINRemoteImage: 60156f185c9360ca4e93832cd490d6f6c7afbd9a
  Realm: 69d7de9aa569a11eed490aaabc8f2109e3985ecf

PODFILE CHECKSUM: d3edb62b01efa88e60ec93df49c7d7a62cff4f92

COCOAPODS: 1.1.1
