// !$*UTF8*$!
{
	archiveVersion = 1;
	classes = {
	};
	objectVersion = 46;
	objects = {

/* Begin PBXBuildFile section */
		6EC0C1A1810463A1D5160A4A /* Pods_dnd.framework in Frameworks */ = {isa = PBXBuildFile; fileRef = 8EF3AB9A6011DC1D9884E015 /* Pods_dnd.framework */; };
		911D76831DE0DEC500E5167D /* SearchViewController.m in Sources */ = {isa = PBXBuildFile; fileRef = 911D76821DE0DEC500E5167D /* SearchViewController.m */; };
		911D76861DE0EBB400E5167D /* Collection.m in Sources */ = {isa = PBXBuildFile; fileRef = 911D76851DE0EBB400E5167D /* Collection.m */; };
		911D76891DE0EBBF00E5167D /* CollectionItem.m in Sources */ = {isa = PBXBuildFile; fileRef = 911D76881DE0EBBF00E5167D /* CollectionItem.m */; };
		911D768C1DE1036200E5167D /* ImportManager.m in Sources */ = {isa = PBXBuildFile; fileRef = 911D768B1DE1036200E5167D /* ImportManager.m */; };
		911D76B61DE130BF00E5167D /* EE Spells 2.6.xml in Resources */ = {isa = PBXBuildFile; fileRef = 911D76B31DE130BF00E5167D /* EE Spells 2.6.xml */; };
		911D76B71DE130BF00E5167D /* Modern Spells 1.1.xml in Resources */ = {isa = PBXBuildFile; fileRef = 911D76B41DE130BF00E5167D /* Modern Spells 1.1.xml */; };
		911D76B81DE130BF00E5167D /* SCAG Spells 1.2.xml in Resources */ = {isa = PBXBuildFile; fileRef = 911D76B51DE130BF00E5167D /* SCAG Spells 1.2.xml */; };
		911D76BF1DE130CB00E5167D /* Futuristic Items 1.2.xml in Resources */ = {isa = PBXBuildFile; fileRef = 911D76B91DE130CB00E5167D /* Futuristic Items 1.2.xml */; };
		911D76C01DE130CB00E5167D /* Magic Items 5.1.xml in Resources */ = {isa = PBXBuildFile; fileRef = 911D76BA1DE130CB00E5167D /* Magic Items 5.1.xml */; };
		911D76C11DE130CB00E5167D /* Modern Items 1.2.xml in Resources */ = {isa = PBXBuildFile; fileRef = 911D76BB1DE130CB00E5167D /* Modern Items 1.2.xml */; };
		911D76C21DE130CB00E5167D /* Mundane Items 2.7.0.xml in Resources */ = {isa = PBXBuildFile; fileRef = 911D76BC1DE130CB00E5167D /* Mundane Items 2.7.0.xml */; };
		911D76C31DE130CB00E5167D /* Renaissance Items 1.3.xml in Resources */ = {isa = PBXBuildFile; fileRef = 911D76BD1DE130CB00E5167D /* Renaissance Items 1.3.xml */; };
		911D76C41DE130CB00E5167D /* Valuable Items 1.2.0.xml in Resources */ = {isa = PBXBuildFile; fileRef = 911D76BE1DE130CB00E5167D /* Valuable Items 1.2.0.xml */; };
		911D76CE1DE1310A00E5167D /* Curse of Strahd Bestiary 1.1.0.xml in Resources */ = {isa = PBXBuildFile; fileRef = 911D76C51DE1310A00E5167D /* Curse of Strahd Bestiary 1.1.0.xml */; };
		911D76CF1DE1310A00E5167D /* Hoard of the Dragon Queen Bestiary 1.2.2.xml in Resources */ = {isa = PBXBuildFile; fileRef = 911D76C61DE1310A00E5167D /* Hoard of the Dragon Queen Bestiary 1.2.2.xml */; };
		911D76D01DE1310A00E5167D /* Monster Manual Bestiary 2.5.0.xml in Resources */ = {isa = PBXBuildFile; fileRef = 911D76C71DE1310A00E5167D /* Monster Manual Bestiary 2.5.0.xml */; };
		911D76D11DE1310A00E5167D /* Out of the Abyss 1.3.0.xml in Resources */ = {isa = PBXBuildFile; fileRef = 911D76C81DE1310A00E5167D /* Out of the Abyss 1.3.0.xml */; };
		911D76D21DE1310A00E5167D /* Phandelver Bestiary 1.2.1.xml in Resources */ = {isa = PBXBuildFile; fileRef = 911D76C91DE1310A00E5167D /* Phandelver Bestiary 1.2.1.xml */; };
		911D76D31DE1310A00E5167D /* Player Bestiary 2.4.0.xml in Resources */ = {isa = PBXBuildFile; fileRef = 911D76CA1DE1310A00E5167D /* Player Bestiary 2.4.0.xml */; };
		911D76D41DE1310A00E5167D /* Princes of the Apocalypse Bestiary 1.2.1.xml in Resources */ = {isa = PBXBuildFile; fileRef = 911D76CB1DE1310A00E5167D /* Princes of the Apocalypse Bestiary 1.2.1.xml */; };
		911D76D51DE1310A00E5167D /* Storm King's Thunder Bestiary 1.0.0.xml in Resources */ = {isa = PBXBuildFile; fileRef = 911D76CC1DE1310A00E5167D /* Storm King's Thunder Bestiary 1.0.0.xml */; };
		911D76D61DE1310A00E5167D /* The Rise of Tiamat Bestiary 1.2.1.xml in Resources */ = {isa = PBXBuildFile; fileRef = 911D76CD1DE1310A00E5167D /* The Rise of Tiamat Bestiary 1.2.1.xml */; };
		911D76D91DE1320300E5167D /* Item.m in Sources */ = {isa = PBXBuildFile; fileRef = 911D76D81DE1320300E5167D /* Item.m */; };
		911D9D451DEB8FFD0079A0BA /* DetailLabelNode.m in Sources */ = {isa = PBXBuildFile; fileRef = 911D9D441DEB8FFD0079A0BA /* DetailLabelNode.m */; };
		911D9D481DEB908F0079A0BA /* NSString+Extra.m in Sources */ = {isa = PBXBuildFile; fileRef = 911D9D471DEB908F0079A0BA /* NSString+Extra.m */; };
		911D9D4B1DEB920F0079A0BA /* MonsterCellNode.m in Sources */ = {isa = PBXBuildFile; fileRef = 911D9D4A1DEB920F0079A0BA /* MonsterCellNode.m */; };
		911D9D4E1DEB93A50079A0BA /* SpellCellNode.m in Sources */ = {isa = PBXBuildFile; fileRef = 911D9D4D1DEB93A50079A0BA /* SpellCellNode.m */; };
		911D9D511DEB94100079A0BA /* ItemCellNode.m in Sources */ = {isa = PBXBuildFile; fileRef = 911D9D501DEB94100079A0BA /* ItemCellNode.m */; };
		915430F71DE0072900832AE5 /* main.m in Sources */ = {isa = PBXBuildFile; fileRef = 915430F61DE0072900832AE5 /* main.m */; };
		915430FA1DE0072900832AE5 /* AppDelegate.m in Sources */ = {isa = PBXBuildFile; fileRef = 915430F91DE0072900832AE5 /* AppDelegate.m */; };
		915430FD1DE0072900832AE5 /* MasterViewController.m in Sources */ = {isa = PBXBuildFile; fileRef = 915430FC1DE0072900832AE5 /* MasterViewController.m */; };
		915431081DE0072900832AE5 /* LaunchScreen.storyboard in Resources */ = {isa = PBXBuildFile; fileRef = 915431061DE0072900832AE5 /* LaunchScreen.storyboard */; };
		915431101DE0090600832AE5 /* PHB Spells 3.8.1.xml in Resources */ = {isa = PBXBuildFile; fileRef = 9154310F1DE0090600832AE5 /* PHB Spells 3.8.1.xml */; };
		9160B7231DE281EF0043795B /* Monster.m in Sources */ = {isa = PBXBuildFile; fileRef = 9160B7221DE281EF0043795B /* Monster.m */; };
		9160B7261DE287130043795B /* Trait.m in Sources */ = {isa = PBXBuildFile; fileRef = 9160B7251DE287130043795B /* Trait.m */; };
		9160B7291DE288060043795B /* Action.m in Sources */ = {isa = PBXBuildFile; fileRef = 9160B7281DE288060043795B /* Action.m */; };
		917A0FF01E123C260045D97A /* ActionNode.m in Sources */ = {isa = PBXBuildFile; fileRef = 917A0FEF1E123C260045D97A /* ActionNode.m */; };
		917A0FF31E1243630045D97A /* TraitNode.m in Sources */ = {isa = PBXBuildFile; fileRef = 917A0FF21E1243630045D97A /* TraitNode.m */; };
		917A0FF71E13678E0045D97A /* ASStackLayoutSpec+Tokyo.m in Sources */ = {isa = PBXBuildFile; fileRef = 917A0FF61E13678E0045D97A /* ASStackLayoutSpec+Tokyo.m */; };
		917A0FFA1E137B380045D97A /* ASTextNode+Extra.m in Sources */ = {isa = PBXBuildFile; fileRef = 917A0FF91E137B380045D97A /* ASTextNode+Extra.m */; };
		917A0FFD1E13970E0045D97A /* RollManager.m in Sources */ = {isa = PBXBuildFile; fileRef = 917A0FFC1E13970E0045D97A /* RollManager.m */; };
		917A10001E14BCE70045D97A /* CollectionViewController.m in Sources */ = {isa = PBXBuildFile; fileRef = 917A0FFF1E14BCE70045D97A /* CollectionViewController.m */; };
		917A10031E14BDBB0045D97A /* DetailViewController.m in Sources */ = {isa = PBXBuildFile; fileRef = 917A10021E14BDBB0045D97A /* DetailViewController.m */; };
		91844EA51DE0AC3D002B0057 /* Spell.m in Sources */ = {isa = PBXBuildFile; fileRef = 91844EA41DE0AC3D002B0057 /* Spell.m */; };
		C0161BEC1E19D39B004A203F /* Character Compendium.xml in Resources */ = {isa = PBXBuildFile; fileRef = C0161BEB1E19D39B004A203F /* Character Compendium.xml */; };
		C0161BEF1E19D818004A203F /* CharacterClass.m in Sources */ = {isa = PBXBuildFile; fileRef = C0161BEE1E19D818004A203F /* CharacterClass.m */; };
		C02E0CAF1E4657D90043CD16 /* CompendiumViewController.m in Sources */ = {isa = PBXBuildFile; fileRef = C02E0CAE1E4657D90043CD16 /* CompendiumViewController.m */; };
		C02E0CB21E4676D40043CD16 /* CompendiumCellNode.m in Sources */ = {isa = PBXBuildFile; fileRef = C02E0CB11E4676D40043CD16 /* CompendiumCellNode.m */; };
		C0CA6A2D1E17390D00F9C556 /* CollectionCellNode.m in Sources */ = {isa = PBXBuildFile; fileRef = C0CA6A2C1E17390D00F9C556 /* CollectionCellNode.m */; };
		C0E6CB331E19D9BE00561234 /* Classes.xml in Resources */ = {isa = PBXBuildFile; fileRef = C0E6CB321E19D9BE00561234 /* Classes.xml */; };
		C0E6CB361E19E30600561234 /* CharacterClassCellNode.m in Sources */ = {isa = PBXBuildFile; fileRef = C0E6CB351E19E30600561234 /* CharacterClassCellNode.m */; };
		C0E6CB391E19FF1400561234 /* Feature.m in Sources */ = {isa = PBXBuildFile; fileRef = C0E6CB381E19FF1400561234 /* Feature.m */; };
		C0E6CB3C1E1A03D100561234 /* FeatureNode.m in Sources */ = {isa = PBXBuildFile; fileRef = C0E6CB3B1E1A03D100561234 /* FeatureNode.m */; };
		C0F1BCB41E1CC0180032A4F0 /* AbilityScoreNode.m in Sources */ = {isa = PBXBuildFile; fileRef = C0F1BCB31E1CC0180032A4F0 /* AbilityScoreNode.m */; };
		C0F1BCB61E1CCC7C0032A4F0 /* Assets.xcassets in Resources */ = {isa = PBXBuildFile; fileRef = C0F1BCB51E1CCC7B0032A4F0 /* Assets.xcassets */; };
/* End PBXBuildFile section */

/* Begin PBXFileReference section */
		6FB310F86C010E4D49B0923E /* Pods-dnd.debug.xcconfig */ = {isa = PBXFileReference; includeInIndex = 1; lastKnownFileType = text.xcconfig; name = "Pods-dnd.debug.xcconfig"; path = "Pods/Target Support Files/Pods-dnd/Pods-dnd.debug.xcconfig"; sourceTree = "<group>"; };
		8EF3AB9A6011DC1D9884E015 /* Pods_dnd.framework */ = {isa = PBXFileReference; explicitFileType = wrapper.framework; includeInIndex = 0; path = Pods_dnd.framework; sourceTree = BUILT_PRODUCTS_DIR; };
		911D76811DE0DEC500E5167D /* SearchViewController.h */ = {isa = PBXFileReference; fileEncoding = 4; lastKnownFileType = sourcecode.c.h; path = SearchViewController.h; sourceTree = "<group>"; };
		911D76821DE0DEC500E5167D /* SearchViewController.m */ = {isa = PBXFileReference; fileEncoding = 4; lastKnownFileType = sourcecode.c.objc; path = SearchViewController.m; sourceTree = "<group>"; };
		911D76841DE0EBB400E5167D /* Collection.h */ = {isa = PBXFileReference; fileEncoding = 4; lastKnownFileType = sourcecode.c.h; path = Collection.h; sourceTree = "<group>"; };
		911D76851DE0EBB400E5167D /* Collection.m */ = {isa = PBXFileReference; fileEncoding = 4; lastKnownFileType = sourcecode.c.objc; path = Collection.m; sourceTree = "<group>"; };
		911D76871DE0EBBF00E5167D /* CollectionItem.h */ = {isa = PBXFileReference; fileEncoding = 4; lastKnownFileType = sourcecode.c.h; path = CollectionItem.h; sourceTree = "<group>"; };
		911D76881DE0EBBF00E5167D /* CollectionItem.m */ = {isa = PBXFileReference; fileEncoding = 4; lastKnownFileType = sourcecode.c.objc; path = CollectionItem.m; sourceTree = "<group>"; };
		911D768A1DE1036200E5167D /* ImportManager.h */ = {isa = PBXFileReference; fileEncoding = 4; lastKnownFileType = sourcecode.c.h; path = ImportManager.h; sourceTree = "<group>"; };
		911D768B1DE1036200E5167D /* ImportManager.m */ = {isa = PBXFileReference; fileEncoding = 4; lastKnownFileType = sourcecode.c.objc; path = ImportManager.m; sourceTree = "<group>"; };
		911D76B31DE130BF00E5167D /* EE Spells 2.6.xml */ = {isa = PBXFileReference; fileEncoding = 4; lastKnownFileType = text.xml; path = "EE Spells 2.6.xml"; sourceTree = "<group>"; };
		911D76B41DE130BF00E5167D /* Modern Spells 1.1.xml */ = {isa = PBXFileReference; fileEncoding = 4; lastKnownFileType = text.xml; path = "Modern Spells 1.1.xml"; sourceTree = "<group>"; };
		911D76B51DE130BF00E5167D /* SCAG Spells 1.2.xml */ = {isa = PBXFileReference; fileEncoding = 4; lastKnownFileType = text.xml; path = "SCAG Spells 1.2.xml"; sourceTree = "<group>"; };
		911D76B91DE130CB00E5167D /* Futuristic Items 1.2.xml */ = {isa = PBXFileReference; fileEncoding = 4; lastKnownFileType = text.xml; path = "Futuristic Items 1.2.xml"; sourceTree = "<group>"; };
		911D76BA1DE130CB00E5167D /* Magic Items 5.1.xml */ = {isa = PBXFileReference; fileEncoding = 4; lastKnownFileType = text.xml; path = "Magic Items 5.1.xml"; sourceTree = "<group>"; };
		911D76BB1DE130CB00E5167D /* Modern Items 1.2.xml */ = {isa = PBXFileReference; fileEncoding = 4; lastKnownFileType = text.xml; path = "Modern Items 1.2.xml"; sourceTree = "<group>"; };
		911D76BC1DE130CB00E5167D /* Mundane Items 2.7.0.xml */ = {isa = PBXFileReference; fileEncoding = 4; lastKnownFileType = text.xml; path = "Mundane Items 2.7.0.xml"; sourceTree = "<group>"; };
		911D76BD1DE130CB00E5167D /* Renaissance Items 1.3.xml */ = {isa = PBXFileReference; fileEncoding = 4; lastKnownFileType = text.xml; path = "Renaissance Items 1.3.xml"; sourceTree = "<group>"; };
		911D76BE1DE130CB00E5167D /* Valuable Items 1.2.0.xml */ = {isa = PBXFileReference; fileEncoding = 4; lastKnownFileType = text.xml; path = "Valuable Items 1.2.0.xml"; sourceTree = "<group>"; };
		911D76C51DE1310A00E5167D /* Curse of Strahd Bestiary 1.1.0.xml */ = {isa = PBXFileReference; fileEncoding = 4; lastKnownFileType = text.xml; path = "Curse of Strahd Bestiary 1.1.0.xml"; sourceTree = "<group>"; };
		911D76C61DE1310A00E5167D /* Hoard of the Dragon Queen Bestiary 1.2.2.xml */ = {isa = PBXFileReference; fileEncoding = 4; lastKnownFileType = text.xml; path = "Hoard of the Dragon Queen Bestiary 1.2.2.xml"; sourceTree = "<group>"; };
		911D76C71DE1310A00E5167D /* Monster Manual Bestiary 2.5.0.xml */ = {isa = PBXFileReference; fileEncoding = 4; lastKnownFileType = text.xml; path = "Monster Manual Bestiary 2.5.0.xml"; sourceTree = "<group>"; };
		911D76C81DE1310A00E5167D /* Out of the Abyss 1.3.0.xml */ = {isa = PBXFileReference; fileEncoding = 4; lastKnownFileType = text.xml; path = "Out of the Abyss 1.3.0.xml"; sourceTree = "<group>"; };
		911D76C91DE1310A00E5167D /* Phandelver Bestiary 1.2.1.xml */ = {isa = PBXFileReference; fileEncoding = 4; lastKnownFileType = text.xml; path = "Phandelver Bestiary 1.2.1.xml"; sourceTree = "<group>"; };
		911D76CA1DE1310A00E5167D /* Player Bestiary 2.4.0.xml */ = {isa = PBXFileReference; fileEncoding = 4; lastKnownFileType = text.xml; path = "Player Bestiary 2.4.0.xml"; sourceTree = "<group>"; };
		911D76CB1DE1310A00E5167D /* Princes of the Apocalypse Bestiary 1.2.1.xml */ = {isa = PBXFileReference; fileEncoding = 4; lastKnownFileType = text.xml; path = "Princes of the Apocalypse Bestiary 1.2.1.xml"; sourceTree = "<group>"; };
		911D76CC1DE1310A00E5167D /* Storm King's Thunder Bestiary 1.0.0.xml */ = {isa = PBXFileReference; fileEncoding = 4; lastKnownFileType = text.xml; path = "Storm King's Thunder Bestiary 1.0.0.xml"; sourceTree = "<group>"; };
		911D76CD1DE1310A00E5167D /* The Rise of Tiamat Bestiary 1.2.1.xml */ = {isa = PBXFileReference; fileEncoding = 4; lastKnownFileType = text.xml; path = "The Rise of Tiamat Bestiary 1.2.1.xml"; sourceTree = "<group>"; };
		911D76D71DE1320300E5167D /* Item.h */ = {isa = PBXFileReference; fileEncoding = 4; lastKnownFileType = sourcecode.c.h; path = Item.h; sourceTree = "<group>"; };
		911D76D81DE1320300E5167D /* Item.m */ = {isa = PBXFileReference; fileEncoding = 4; lastKnownFileType = sourcecode.c.objc; path = Item.m; sourceTree = "<group>"; };
		911D9D431DEB8FFD0079A0BA /* DetailLabelNode.h */ = {isa = PBXFileReference; fileEncoding = 4; lastKnownFileType = sourcecode.c.h; path = DetailLabelNode.h; sourceTree = "<group>"; };
		911D9D441DEB8FFD0079A0BA /* DetailLabelNode.m */ = {isa = PBXFileReference; fileEncoding = 4; lastKnownFileType = sourcecode.c.objc; path = DetailLabelNode.m; sourceTree = "<group>"; };
		911D9D461DEB908F0079A0BA /* NSString+Extra.h */ = {isa = PBXFileReference; fileEncoding = 4; lastKnownFileType = sourcecode.c.h; name = "NSString+Extra.h"; path = "../NSString+Extra.h"; sourceTree = "<group>"; };
		911D9D471DEB908F0079A0BA /* NSString+Extra.m */ = {isa = PBXFileReference; fileEncoding = 4; lastKnownFileType = sourcecode.c.objc; name = "NSString+Extra.m"; path = "../NSString+Extra.m"; sourceTree = "<group>"; };
		911D9D491DEB920F0079A0BA /* MonsterCellNode.h */ = {isa = PBXFileReference; fileEncoding = 4; lastKnownFileType = sourcecode.c.h; path = MonsterCellNode.h; sourceTree = "<group>"; };
		911D9D4A1DEB920F0079A0BA /* MonsterCellNode.m */ = {isa = PBXFileReference; fileEncoding = 4; lastKnownFileType = sourcecode.c.objc; path = MonsterCellNode.m; sourceTree = "<group>"; };
		911D9D4C1DEB93A50079A0BA /* SpellCellNode.h */ = {isa = PBXFileReference; fileEncoding = 4; lastKnownFileType = sourcecode.c.h; path = SpellCellNode.h; sourceTree = "<group>"; };
		911D9D4D1DEB93A50079A0BA /* SpellCellNode.m */ = {isa = PBXFileReference; fileEncoding = 4; lastKnownFileType = sourcecode.c.objc; path = SpellCellNode.m; sourceTree = "<group>"; };
		911D9D4F1DEB94100079A0BA /* ItemCellNode.h */ = {isa = PBXFileReference; fileEncoding = 4; lastKnownFileType = sourcecode.c.h; path = ItemCellNode.h; sourceTree = "<group>"; };
		911D9D501DEB94100079A0BA /* ItemCellNode.m */ = {isa = PBXFileReference; fileEncoding = 4; lastKnownFileType = sourcecode.c.objc; path = ItemCellNode.m; sourceTree = "<group>"; };
		915430F21DE0072900832AE5 /* dnd.app */ = {isa = PBXFileReference; explicitFileType = wrapper.application; includeInIndex = 0; path = dnd.app; sourceTree = BUILT_PRODUCTS_DIR; };
		915430F61DE0072900832AE5 /* main.m */ = {isa = PBXFileReference; lastKnownFileType = sourcecode.c.objc; path = main.m; sourceTree = "<group>"; };
		915430F81DE0072900832AE5 /* AppDelegate.h */ = {isa = PBXFileReference; lastKnownFileType = sourcecode.c.h; path = AppDelegate.h; sourceTree = "<group>"; };
		915430F91DE0072900832AE5 /* AppDelegate.m */ = {isa = PBXFileReference; lastKnownFileType = sourcecode.c.objc; path = AppDelegate.m; sourceTree = "<group>"; };
		915430FB1DE0072900832AE5 /* MasterViewController.h */ = {isa = PBXFileReference; lastKnownFileType = sourcecode.c.h; path = MasterViewController.h; sourceTree = "<group>"; };
		915430FC1DE0072900832AE5 /* MasterViewController.m */ = {isa = PBXFileReference; lastKnownFileType = sourcecode.c.objc; path = MasterViewController.m; sourceTree = "<group>"; };
		915431071DE0072900832AE5 /* Base */ = {isa = PBXFileReference; lastKnownFileType = file.storyboard; name = Base; path = Base.lproj/LaunchScreen.storyboard; sourceTree = "<group>"; };
		915431091DE0072900832AE5 /* Info.plist */ = {isa = PBXFileReference; lastKnownFileType = text.plist.xml; path = Info.plist; sourceTree = "<group>"; };
		9154310F1DE0090600832AE5 /* PHB Spells 3.8.1.xml */ = {isa = PBXFileReference; fileEncoding = 4; lastKnownFileType = text.xml; path = "PHB Spells 3.8.1.xml"; sourceTree = "<group>"; };
		9160B7211DE281EF0043795B /* Monster.h */ = {isa = PBXFileReference; fileEncoding = 4; lastKnownFileType = sourcecode.c.h; path = Monster.h; sourceTree = "<group>"; };
		9160B7221DE281EF0043795B /* Monster.m */ = {isa = PBXFileReference; fileEncoding = 4; lastKnownFileType = sourcecode.c.objc; path = Monster.m; sourceTree = "<group>"; };
		9160B7241DE287130043795B /* Trait.h */ = {isa = PBXFileReference; fileEncoding = 4; lastKnownFileType = sourcecode.c.h; path = Trait.h; sourceTree = "<group>"; };
		9160B7251DE287130043795B /* Trait.m */ = {isa = PBXFileReference; fileEncoding = 4; lastKnownFileType = sourcecode.c.objc; path = Trait.m; sourceTree = "<group>"; };
		9160B7271DE288060043795B /* Action.h */ = {isa = PBXFileReference; fileEncoding = 4; lastKnownFileType = sourcecode.c.h; path = Action.h; sourceTree = "<group>"; };
		9160B7281DE288060043795B /* Action.m */ = {isa = PBXFileReference; fileEncoding = 4; lastKnownFileType = sourcecode.c.objc; path = Action.m; sourceTree = "<group>"; };
		917A0FEE1E123C260045D97A /* ActionNode.h */ = {isa = PBXFileReference; fileEncoding = 4; lastKnownFileType = sourcecode.c.h; path = ActionNode.h; sourceTree = "<group>"; };
		917A0FEF1E123C260045D97A /* ActionNode.m */ = {isa = PBXFileReference; fileEncoding = 4; lastKnownFileType = sourcecode.c.objc; path = ActionNode.m; sourceTree = "<group>"; };
		917A0FF11E1243630045D97A /* TraitNode.h */ = {isa = PBXFileReference; fileEncoding = 4; lastKnownFileType = sourcecode.c.h; path = TraitNode.h; sourceTree = "<group>"; };
		917A0FF21E1243630045D97A /* TraitNode.m */ = {isa = PBXFileReference; fileEncoding = 4; lastKnownFileType = sourcecode.c.objc; path = TraitNode.m; sourceTree = "<group>"; };
		917A0FF51E13678E0045D97A /* ASStackLayoutSpec+Tokyo.h */ = {isa = PBXFileReference; fileEncoding = 4; lastKnownFileType = sourcecode.c.h; path = "ASStackLayoutSpec+Tokyo.h"; sourceTree = "<group>"; };
		917A0FF61E13678E0045D97A /* ASStackLayoutSpec+Tokyo.m */ = {isa = PBXFileReference; fileEncoding = 4; lastKnownFileType = sourcecode.c.objc; path = "ASStackLayoutSpec+Tokyo.m"; sourceTree = "<group>"; };
		917A0FF81E137B380045D97A /* ASTextNode+Extra.h */ = {isa = PBXFileReference; fileEncoding = 4; lastKnownFileType = sourcecode.c.h; path = "ASTextNode+Extra.h"; sourceTree = "<group>"; };
		917A0FF91E137B380045D97A /* ASTextNode+Extra.m */ = {isa = PBXFileReference; fileEncoding = 4; lastKnownFileType = sourcecode.c.objc; path = "ASTextNode+Extra.m"; sourceTree = "<group>"; };
		917A0FFB1E13970E0045D97A /* RollManager.h */ = {isa = PBXFileReference; fileEncoding = 4; lastKnownFileType = sourcecode.c.h; path = RollManager.h; sourceTree = "<group>"; };
		917A0FFC1E13970E0045D97A /* RollManager.m */ = {isa = PBXFileReference; fileEncoding = 4; lastKnownFileType = sourcecode.c.objc; path = RollManager.m; sourceTree = "<group>"; };
		917A0FFE1E14BCE70045D97A /* CollectionViewController.h */ = {isa = PBXFileReference; fileEncoding = 4; lastKnownFileType = sourcecode.c.h; path = CollectionViewController.h; sourceTree = "<group>"; };
		917A0FFF1E14BCE70045D97A /* CollectionViewController.m */ = {isa = PBXFileReference; fileEncoding = 4; lastKnownFileType = sourcecode.c.objc; path = CollectionViewController.m; sourceTree = "<group>"; };
		917A10011E14BDBB0045D97A /* DetailViewController.h */ = {isa = PBXFileReference; fileEncoding = 4; lastKnownFileType = sourcecode.c.h; path = DetailViewController.h; sourceTree = "<group>"; };
		917A10021E14BDBB0045D97A /* DetailViewController.m */ = {isa = PBXFileReference; fileEncoding = 4; lastKnownFileType = sourcecode.c.objc; path = DetailViewController.m; sourceTree = "<group>"; };
		91844EA31DE0AC3D002B0057 /* Spell.h */ = {isa = PBXFileReference; fileEncoding = 4; lastKnownFileType = sourcecode.c.h; path = Spell.h; sourceTree = "<group>"; };
		91844EA41DE0AC3D002B0057 /* Spell.m */ = {isa = PBXFileReference; fileEncoding = 4; lastKnownFileType = sourcecode.c.objc; path = Spell.m; sourceTree = "<group>"; };
		B6040763D338DF53AE88B540 /* Pods-dnd.release.xcconfig */ = {isa = PBXFileReference; includeInIndex = 1; lastKnownFileType = text.xcconfig; name = "Pods-dnd.release.xcconfig"; path = "Pods/Target Support Files/Pods-dnd/Pods-dnd.release.xcconfig"; sourceTree = "<group>"; };
		C0161BEB1E19D39B004A203F /* Character Compendium.xml */ = {isa = PBXFileReference; fileEncoding = 4; lastKnownFileType = text.xml; path = "Character Compendium.xml"; sourceTree = "<group>"; };
		C0161BED1E19D818004A203F /* CharacterClass.h */ = {isa = PBXFileReference; fileEncoding = 4; lastKnownFileType = sourcecode.c.h; path = CharacterClass.h; sourceTree = "<group>"; };
		C0161BEE1E19D818004A203F /* CharacterClass.m */ = {isa = PBXFileReference; fileEncoding = 4; lastKnownFileType = sourcecode.c.objc; path = CharacterClass.m; sourceTree = "<group>"; };
		C02E0CAD1E4657D90043CD16 /* CompendiumViewController.h */ = {isa = PBXFileReference; fileEncoding = 4; lastKnownFileType = sourcecode.c.h; path = CompendiumViewController.h; sourceTree = "<group>"; };
		C02E0CAE1E4657D90043CD16 /* CompendiumViewController.m */ = {isa = PBXFileReference; fileEncoding = 4; lastKnownFileType = sourcecode.c.objc; path = CompendiumViewController.m; sourceTree = "<group>"; };
		C02E0CB01E4676D40043CD16 /* CompendiumCellNode.h */ = {isa = PBXFileReference; fileEncoding = 4; lastKnownFileType = sourcecode.c.h; path = CompendiumCellNode.h; sourceTree = "<group>"; };
		C02E0CB11E4676D40043CD16 /* CompendiumCellNode.m */ = {isa = PBXFileReference; fileEncoding = 4; lastKnownFileType = sourcecode.c.objc; path = CompendiumCellNode.m; sourceTree = "<group>"; };
		C0CA6A2B1E17390D00F9C556 /* CollectionCellNode.h */ = {isa = PBXFileReference; fileEncoding = 4; lastKnownFileType = sourcecode.c.h; path = CollectionCellNode.h; sourceTree = "<group>"; };
		C0CA6A2C1E17390D00F9C556 /* CollectionCellNode.m */ = {isa = PBXFileReference; fileEncoding = 4; lastKnownFileType = sourcecode.c.objc; path = CollectionCellNode.m; sourceTree = "<group>"; };
		C0E6CB321E19D9BE00561234 /* Classes.xml */ = {isa = PBXFileReference; fileEncoding = 4; lastKnownFileType = text.xml; path = Classes.xml; sourceTree = "<group>"; };
		C0E6CB341E19E30600561234 /* CharacterClassCellNode.h */ = {isa = PBXFileReference; fileEncoding = 4; lastKnownFileType = sourcecode.c.h; path = CharacterClassCellNode.h; sourceTree = "<group>"; };
		C0E6CB351E19E30600561234 /* CharacterClassCellNode.m */ = {isa = PBXFileReference; fileEncoding = 4; lastKnownFileType = sourcecode.c.objc; path = CharacterClassCellNode.m; sourceTree = "<group>"; };
		C0E6CB371E19FF1400561234 /* Feature.h */ = {isa = PBXFileReference; fileEncoding = 4; lastKnownFileType = sourcecode.c.h; path = Feature.h; sourceTree = "<group>"; };
		C0E6CB381E19FF1400561234 /* Feature.m */ = {isa = PBXFileReference; fileEncoding = 4; lastKnownFileType = sourcecode.c.objc; path = Feature.m; sourceTree = "<group>"; };
		C0E6CB3A1E1A03D100561234 /* FeatureNode.h */ = {isa = PBXFileReference; fileEncoding = 4; lastKnownFileType = sourcecode.c.h; path = FeatureNode.h; sourceTree = "<group>"; };
		C0E6CB3B1E1A03D100561234 /* FeatureNode.m */ = {isa = PBXFileReference; fileEncoding = 4; lastKnownFileType = sourcecode.c.objc; path = FeatureNode.m; sourceTree = "<group>"; };
		C0F1BCB21E1CC0180032A4F0 /* AbilityScoreNode.h */ = {isa = PBXFileReference; fileEncoding = 4; lastKnownFileType = sourcecode.c.h; path = AbilityScoreNode.h; sourceTree = "<group>"; };
		C0F1BCB31E1CC0180032A4F0 /* AbilityScoreNode.m */ = {isa = PBXFileReference; fileEncoding = 4; lastKnownFileType = sourcecode.c.objc; path = AbilityScoreNode.m; sourceTree = "<group>"; };
		C0F1BCB51E1CCC7B0032A4F0 /* Assets.xcassets */ = {isa = PBXFileReference; lastKnownFileType = folder.assetcatalog; path = Assets.xcassets; sourceTree = "<group>"; };
/* End PBXFileReference section */

/* Begin PBXFrameworksBuildPhase section */
		915430EF1DE0072900832AE5 /* Frameworks */ = {
			isa = PBXFrameworksBuildPhase;
			buildActionMask = 2147483647;
			files = (
				6EC0C1A1810463A1D5160A4A /* Pods_dnd.framework in Frameworks */,
			);
			runOnlyForDeploymentPostprocessing = 0;
		};
/* End PBXFrameworksBuildPhase section */

/* Begin PBXGroup section */
		4DEE15D1FB346CCF136682C7 /* Pods */ = {
			isa = PBXGroup;
			children = (
				6FB310F86C010E4D49B0923E /* Pods-dnd.debug.xcconfig */,
				B6040763D338DF53AE88B540 /* Pods-dnd.release.xcconfig */,
			);
			name = Pods;
			sourceTree = "<group>";
		};
		911D767C1DE0D8DC00E5167D /* Views */ = {
			isa = PBXGroup;
			children = (
				911D9D431DEB8FFD0079A0BA /* DetailLabelNode.h */,
				911D9D441DEB8FFD0079A0BA /* DetailLabelNode.m */,
				C0F1BCB21E1CC0180032A4F0 /* AbilityScoreNode.h */,
				C0F1BCB31E1CC0180032A4F0 /* AbilityScoreNode.m */,
				917A0FEE1E123C260045D97A /* ActionNode.h */,
				917A0FEF1E123C260045D97A /* ActionNode.m */,
				917A0FF11E1243630045D97A /* TraitNode.h */,
				917A0FF21E1243630045D97A /* TraitNode.m */,
				C0E6CB3A1E1A03D100561234 /* FeatureNode.h */,
				C0E6CB3B1E1A03D100561234 /* FeatureNode.m */,
			);
			name = Views;
			sourceTree = "<group>";
		};
		911D767D1DE0D8E000E5167D /* Models */ = {
			isa = PBXGroup;
			children = (
				91844EA31DE0AC3D002B0057 /* Spell.h */,
				91844EA41DE0AC3D002B0057 /* Spell.m */,
				911D76841DE0EBB400E5167D /* Collection.h */,
				911D76851DE0EBB400E5167D /* Collection.m */,
				9160B7211DE281EF0043795B /* Monster.h */,
				9160B7221DE281EF0043795B /* Monster.m */,
				9160B7241DE287130043795B /* Trait.h */,
				9160B7251DE287130043795B /* Trait.m */,
				9160B7271DE288060043795B /* Action.h */,
				9160B7281DE288060043795B /* Action.m */,
				911D76871DE0EBBF00E5167D /* CollectionItem.h */,
				911D76881DE0EBBF00E5167D /* CollectionItem.m */,
				911D76D71DE1320300E5167D /* Item.h */,
				911D76D81DE1320300E5167D /* Item.m */,
				C0161BED1E19D818004A203F /* CharacterClass.h */,
				C0161BEE1E19D818004A203F /* CharacterClass.m */,
				C0E6CB371E19FF1400561234 /* Feature.h */,
				C0E6CB381E19FF1400561234 /* Feature.m */,
			);
			name = Models;
			sourceTree = "<group>";
		};
		911D767E1DE0D8E600E5167D /* Cells */ = {
			isa = PBXGroup;
			children = (
				C02E0CB01E4676D40043CD16 /* CompendiumCellNode.h */,
				C02E0CB11E4676D40043CD16 /* CompendiumCellNode.m */,
				C0CA6A2B1E17390D00F9C556 /* CollectionCellNode.h */,
				C0CA6A2C1E17390D00F9C556 /* CollectionCellNode.m */,
				911D9D491DEB920F0079A0BA /* MonsterCellNode.h */,
				911D9D4A1DEB920F0079A0BA /* MonsterCellNode.m */,
				911D9D4C1DEB93A50079A0BA /* SpellCellNode.h */,
				911D9D4D1DEB93A50079A0BA /* SpellCellNode.m */,
				911D9D4F1DEB94100079A0BA /* ItemCellNode.h */,
				911D9D501DEB94100079A0BA /* ItemCellNode.m */,
				C0E6CB341E19E30600561234 /* CharacterClassCellNode.h */,
				C0E6CB351E19E30600561234 /* CharacterClassCellNode.m */,
			);
			name = Cells;
			sourceTree = "<group>";
		};
		911D767F1DE0D8EA00E5167D /* View Controllers */ = {
			isa = PBXGroup;
			children = (
				915430FB1DE0072900832AE5 /* MasterViewController.h */,
				915430FC1DE0072900832AE5 /* MasterViewController.m */,
				917A0FFE1E14BCE70045D97A /* CollectionViewController.h */,
				917A0FFF1E14BCE70045D97A /* CollectionViewController.m */,
				C02E0CAD1E4657D90043CD16 /* CompendiumViewController.h */,
				C02E0CAE1E4657D90043CD16 /* CompendiumViewController.m */,
				911D76811DE0DEC500E5167D /* SearchViewController.h */,
				911D76821DE0DEC500E5167D /* SearchViewController.m */,
				917A10011E14BDBB0045D97A /* DetailViewController.h */,
				917A10021E14BDBB0045D97A /* DetailViewController.m */,
			);
			name = "View Controllers";
			sourceTree = "<group>";
		};
		911D76801DE0D8F300E5167D /* Documents */ = {
			isa = PBXGroup;
			children = (
				C0E6CB321E19D9BE00561234 /* Classes.xml */,
				C0161BEB1E19D39B004A203F /* Character Compendium.xml */,
				911D76C51DE1310A00E5167D /* Curse of Strahd Bestiary 1.1.0.xml */,
				911D76C61DE1310A00E5167D /* Hoard of the Dragon Queen Bestiary 1.2.2.xml */,
				911D76C71DE1310A00E5167D /* Monster Manual Bestiary 2.5.0.xml */,
				911D76C81DE1310A00E5167D /* Out of the Abyss 1.3.0.xml */,
				911D76C91DE1310A00E5167D /* Phandelver Bestiary 1.2.1.xml */,
				911D76CA1DE1310A00E5167D /* Player Bestiary 2.4.0.xml */,
				911D76CB1DE1310A00E5167D /* Princes of the Apocalypse Bestiary 1.2.1.xml */,
				911D76CC1DE1310A00E5167D /* Storm King's Thunder Bestiary 1.0.0.xml */,
				911D76CD1DE1310A00E5167D /* The Rise of Tiamat Bestiary 1.2.1.xml */,
				9154310F1DE0090600832AE5 /* PHB Spells 3.8.1.xml */,
				911D76B31DE130BF00E5167D /* EE Spells 2.6.xml */,
				911D76B41DE130BF00E5167D /* Modern Spells 1.1.xml */,
				911D76B51DE130BF00E5167D /* SCAG Spells 1.2.xml */,
				911D76B91DE130CB00E5167D /* Futuristic Items 1.2.xml */,
				911D76BA1DE130CB00E5167D /* Magic Items 5.1.xml */,
				911D76BB1DE130CB00E5167D /* Modern Items 1.2.xml */,
				911D76BC1DE130CB00E5167D /* Mundane Items 2.7.0.xml */,
				911D76BD1DE130CB00E5167D /* Renaissance Items 1.3.xml */,
				911D76BE1DE130CB00E5167D /* Valuable Items 1.2.0.xml */,
			);
			name = Documents;
			sourceTree = "<group>";
		};
		915430E91DE0072800832AE5 = {
			isa = PBXGroup;
			children = (
				915430F41DE0072900832AE5 /* dnd */,
				915430F31DE0072900832AE5 /* Products */,
				4DEE15D1FB346CCF136682C7 /* Pods */,
				F43F9DF39FECB5A8D1FE9AFE /* Frameworks */,
			);
			sourceTree = "<group>";
		};
		915430F31DE0072900832AE5 /* Products */ = {
			isa = PBXGroup;
			children = (
				915430F21DE0072900832AE5 /* dnd.app */,
			);
			name = Products;
			sourceTree = "<group>";
		};
		915430F41DE0072900832AE5 /* dnd */ = {
			isa = PBXGroup;
			children = (
				917A0FF41E1367830045D97A /* Categories */,
				915430F81DE0072900832AE5 /* AppDelegate.h */,
				915430F91DE0072900832AE5 /* AppDelegate.m */,
				911D768A1DE1036200E5167D /* ImportManager.h */,
				911D768B1DE1036200E5167D /* ImportManager.m */,
				917A0FFB1E13970E0045D97A /* RollManager.h */,
				917A0FFC1E13970E0045D97A /* RollManager.m */,
				911D767F1DE0D8EA00E5167D /* View Controllers */,
				911D767E1DE0D8E600E5167D /* Cells */,
				911D767C1DE0D8DC00E5167D /* Views */,
				911D767D1DE0D8E000E5167D /* Models */,
				915431061DE0072900832AE5 /* LaunchScreen.storyboard */,
				C0F1BCB51E1CCC7B0032A4F0 /* Assets.xcassets */,
				915431091DE0072900832AE5 /* Info.plist */,
				911D76801DE0D8F300E5167D /* Documents */,
				915430F51DE0072900832AE5 /* Supporting Files */,
			);
			path = dnd;
			sourceTree = "<group>";
		};
		915430F51DE0072900832AE5 /* Supporting Files */ = {
			isa = PBXGroup;
			children = (
				915430F61DE0072900832AE5 /* main.m */,
			);
			name = "Supporting Files";
			sourceTree = "<group>";
		};
		917A0FF41E1367830045D97A /* Categories */ = {
			isa = PBXGroup;
			children = (
				911D9D461DEB908F0079A0BA /* NSString+Extra.h */,
				911D9D471DEB908F0079A0BA /* NSString+Extra.m */,
				917A0FF51E13678E0045D97A /* ASStackLayoutSpec+Tokyo.h */,
				917A0FF61E13678E0045D97A /* ASStackLayoutSpec+Tokyo.m */,
				917A0FF81E137B380045D97A /* ASTextNode+Extra.h */,
				917A0FF91E137B380045D97A /* ASTextNode+Extra.m */,
			);
			name = Categories;
			sourceTree = "<group>";
		};
		F43F9DF39FECB5A8D1FE9AFE /* Frameworks */ = {
			isa = PBXGroup;
			children = (
				8EF3AB9A6011DC1D9884E015 /* Pods_dnd.framework */,
			);
			name = Frameworks;
			sourceTree = "<group>";
		};
/* End PBXGroup section */

/* Begin PBXNativeTarget section */
		915430F11DE0072900832AE5 /* dnd */ = {
			isa = PBXNativeTarget;
			buildConfigurationList = 9154310C1DE0072900832AE5 /* Build configuration list for PBXNativeTarget "dnd" */;
			buildPhases = (
				ABF130A5B46DBCB3B16DF923 /* [CP] Check Pods Manifest.lock */,
				915430EE1DE0072900832AE5 /* Sources */,
				915430EF1DE0072900832AE5 /* Frameworks */,
				915430F01DE0072900832AE5 /* Resources */,
				D1ACB5D5ECC76410674A7DB3 /* [CP] Embed Pods Frameworks */,
				6FF4A0061340CC8563B0805B /* [CP] Copy Pods Resources */,
			);
			buildRules = (
			);
			dependencies = (
			);
			name = dnd;
			productName = dnd;
			productReference = 915430F21DE0072900832AE5 /* dnd.app */;
			productType = "com.apple.product-type.application";
		};
/* End PBXNativeTarget section */

/* Begin PBXProject section */
		915430EA1DE0072800832AE5 /* Project object */ = {
			isa = PBXProject;
			attributes = {
				LastUpgradeCheck = 0800;
				ORGANIZATIONNAME = "Tivona & Porter";
				TargetAttributes = {
					915430F11DE0072900832AE5 = {
						CreatedOnToolsVersion = 8.0;
						DevelopmentTeam = P6N4VATRHL;
						ProvisioningStyle = Automatic;
					};
				};
			};
			buildConfigurationList = 915430ED1DE0072800832AE5 /* Build configuration list for PBXProject "dnd" */;
			compatibilityVersion = "Xcode 3.2";
			developmentRegion = English;
			hasScannedForEncodings = 0;
			knownRegions = (
				en,
				Base,
			);
			mainGroup = 915430E91DE0072800832AE5;
			productRefGroup = 915430F31DE0072900832AE5 /* Products */;
			projectDirPath = "";
			projectRoot = "";
			targets = (
				915430F11DE0072900832AE5 /* dnd */,
			);
		};
/* End PBXProject section */

/* Begin PBXResourcesBuildPhase section */
		915430F01DE0072900832AE5 /* Resources */ = {
			isa = PBXResourcesBuildPhase;
			buildActionMask = 2147483647;
			files = (
				C0E6CB331E19D9BE00561234 /* Classes.xml in Resources */,
				915431101DE0090600832AE5 /* PHB Spells 3.8.1.xml in Resources */,
				911D76C01DE130CB00E5167D /* Magic Items 5.1.xml in Resources */,
				911D76D31DE1310A00E5167D /* Player Bestiary 2.4.0.xml in Resources */,
				C0F1BCB61E1CCC7C0032A4F0 /* Assets.xcassets in Resources */,
				911D76B61DE130BF00E5167D /* EE Spells 2.6.xml in Resources */,
				911D76D11DE1310A00E5167D /* Out of the Abyss 1.3.0.xml in Resources */,
				911D76B71DE130BF00E5167D /* Modern Spells 1.1.xml in Resources */,
				911D76D01DE1310A00E5167D /* Monster Manual Bestiary 2.5.0.xml in Resources */,
				911D76D51DE1310A00E5167D /* Storm King's Thunder Bestiary 1.0.0.xml in Resources */,
				911D76C31DE130CB00E5167D /* Renaissance Items 1.3.xml in Resources */,
				911D76CF1DE1310A00E5167D /* Hoard of the Dragon Queen Bestiary 1.2.2.xml in Resources */,
				911D76D41DE1310A00E5167D /* Princes of the Apocalypse Bestiary 1.2.1.xml in Resources */,
				911D76C21DE130CB00E5167D /* Mundane Items 2.7.0.xml in Resources */,
				C0161BEC1E19D39B004A203F /* Character Compendium.xml in Resources */,
				911D76D61DE1310A00E5167D /* The Rise of Tiamat Bestiary 1.2.1.xml in Resources */,
				911D76B81DE130BF00E5167D /* SCAG Spells 1.2.xml in Resources */,
				911D76CE1DE1310A00E5167D /* Curse of Strahd Bestiary 1.1.0.xml in Resources */,
				911D76C41DE130CB00E5167D /* Valuable Items 1.2.0.xml in Resources */,
				911D76BF1DE130CB00E5167D /* Futuristic Items 1.2.xml in Resources */,
				915431081DE0072900832AE5 /* LaunchScreen.storyboard in Resources */,
				911D76C11DE130CB00E5167D /* Modern Items 1.2.xml in Resources */,
				911D76D21DE1310A00E5167D /* Phandelver Bestiary 1.2.1.xml in Resources */,
			);
			runOnlyForDeploymentPostprocessing = 0;
		};
/* End PBXResourcesBuildPhase section */

/* Begin PBXShellScriptBuildPhase section */
		6FF4A0061340CC8563B0805B /* [CP] Copy Pods Resources */ = {
			isa = PBXShellScriptBuildPhase;
			buildActionMask = 2147483647;
			files = (
			);
			inputPaths = (
			);
			name = "[CP] Copy Pods Resources";
			outputPaths = (
			);
			runOnlyForDeploymentPostprocessing = 0;
			shellPath = /bin/sh;
			shellScript = "\"${SRCROOT}/Pods/Target Support Files/Pods-dnd/Pods-dnd-resources.sh\"\n";
			showEnvVarsInLog = 0;
		};
		ABF130A5B46DBCB3B16DF923 /* [CP] Check Pods Manifest.lock */ = {
			isa = PBXShellScriptBuildPhase;
			buildActionMask = 2147483647;
			files = (
			);
			inputPaths = (
			);
			name = "[CP] Check Pods Manifest.lock";
			outputPaths = (
			);
			runOnlyForDeploymentPostprocessing = 0;
			shellPath = /bin/sh;
			shellScript = "diff \"${PODS_ROOT}/../Podfile.lock\" \"${PODS_ROOT}/Manifest.lock\" > /dev/null\nif [ $? != 0 ] ; then\n    # print error to STDERR\n    echo \"error: The sandbox is not in sync with the Podfile.lock. Run 'pod install' or update your CocoaPods installation.\" >&2\n    exit 1\nfi\n";
			showEnvVarsInLog = 0;
		};
		D1ACB5D5ECC76410674A7DB3 /* [CP] Embed Pods Frameworks */ = {
			isa = PBXShellScriptBuildPhase;
			buildActionMask = 2147483647;
			files = (
			);
			inputPaths = (
			);
			name = "[CP] Embed Pods Frameworks";
			outputPaths = (
			);
			runOnlyForDeploymentPostprocessing = 0;
			shellPath = /bin/sh;
			shellScript = "\"${SRCROOT}/Pods/Target Support Files/Pods-dnd/Pods-dnd-frameworks.sh\"\n";
			showEnvVarsInLog = 0;
		};
/* End PBXShellScriptBuildPhase section */

/* Begin PBXSourcesBuildPhase section */
		915430EE1DE0072900832AE5 /* Sources */ = {
			isa = PBXSourcesBuildPhase;
			buildActionMask = 2147483647;
			files = (
				911D9D511DEB94100079A0BA /* ItemCellNode.m in Sources */,
				C0F1BCB41E1CC0180032A4F0 /* AbilityScoreNode.m in Sources */,
				917A0FFD1E13970E0045D97A /* RollManager.m in Sources */,
				911D76D91DE1320300E5167D /* Item.m in Sources */,
				9160B7291DE288060043795B /* Action.m in Sources */,
				91844EA51DE0AC3D002B0057 /* Spell.m in Sources */,
				C02E0CB21E4676D40043CD16 /* CompendiumCellNode.m in Sources */,
				911D76861DE0EBB400E5167D /* Collection.m in Sources */,
				917A0FFA1E137B380045D97A /* ASTextNode+Extra.m in Sources */,
				915430FA1DE0072900832AE5 /* AppDelegate.m in Sources */,
				C0161BEF1E19D818004A203F /* CharacterClass.m in Sources */,
				C0E6CB3C1E1A03D100561234 /* FeatureNode.m in Sources */,
				9160B7231DE281EF0043795B /* Monster.m in Sources */,
				917A0FF71E13678E0045D97A /* ASStackLayoutSpec+Tokyo.m in Sources */,
				C0CA6A2D1E17390D00F9C556 /* CollectionCellNode.m in Sources */,
				911D9D451DEB8FFD0079A0BA /* DetailLabelNode.m in Sources */,
				911D9D4E1DEB93A50079A0BA /* SpellCellNode.m in Sources */,
				C0E6CB391E19FF1400561234 /* Feature.m in Sources */,
				911D9D4B1DEB920F0079A0BA /* MonsterCellNode.m in Sources */,
				911D76891DE0EBBF00E5167D /* CollectionItem.m in Sources */,
				917A10001E14BCE70045D97A /* CollectionViewController.m in Sources */,
				911D9D481DEB908F0079A0BA /* NSString+Extra.m in Sources */,
				917A0FF01E123C260045D97A /* ActionNode.m in Sources */,
				917A0FF31E1243630045D97A /* TraitNode.m in Sources */,
				911D76831DE0DEC500E5167D /* SearchViewController.m in Sources */,
				9160B7261DE287130043795B /* Trait.m in Sources */,
				915430FD1DE0072900832AE5 /* MasterViewController.m in Sources */,
				C02E0CAF1E4657D90043CD16 /* CompendiumViewController.m in Sources */,
				C0E6CB361E19E30600561234 /* CharacterClassCellNode.m in Sources */,
				911D768C1DE1036200E5167D /* ImportManager.m in Sources */,
				915430F71DE0072900832AE5 /* main.m in Sources */,
				917A10031E14BDBB0045D97A /* DetailViewController.m in Sources */,
			);
			runOnlyForDeploymentPostprocessing = 0;
		};
/* End PBXSourcesBuildPhase section */

/* Begin PBXVariantGroup section */
		915431061DE0072900832AE5 /* LaunchScreen.storyboard */ = {
			isa = PBXVariantGroup;
			children = (
				915431071DE0072900832AE5 /* Base */,
			);
			name = LaunchScreen.storyboard;
			sourceTree = "<group>";
		};
/* End PBXVariantGroup section */

/* Begin XCBuildConfiguration section */
		9154310A1DE0072900832AE5 /* Debug */ = {
			isa = XCBuildConfiguration;
			buildSettings = {
				ALWAYS_SEARCH_USER_PATHS = NO;
				CLANG_ANALYZER_NONNULL = YES;
				CLANG_CXX_LANGUAGE_STANDARD = "gnu++0x";
				CLANG_CXX_LIBRARY = "libc++";
				CLANG_ENABLE_MODULES = YES;
				CLANG_ENABLE_OBJC_ARC = YES;
				CLANG_WARN_BOOL_CONVERSION = YES;
				CLANG_WARN_CONSTANT_CONVERSION = YES;
				CLANG_WARN_DIRECT_OBJC_ISA_USAGE = YES_ERROR;
				CLANG_WARN_DOCUMENTATION_COMMENTS = YES;
				CLANG_WARN_EMPTY_BODY = YES;
				CLANG_WARN_ENUM_CONVERSION = YES;
				CLANG_WARN_INFINITE_RECURSION = YES;
				CLANG_WARN_INT_CONVERSION = YES;
				CLANG_WARN_OBJC_ROOT_CLASS = YES_ERROR;
				CLANG_WARN_SUSPICIOUS_MOVE = YES;
				CLANG_WARN_SUSPICIOUS_MOVES = YES;
				CLANG_WARN_UNREACHABLE_CODE = YES;
				CLANG_WARN__DUPLICATE_METHOD_MATCH = YES;
				"CODE_SIGN_IDENTITY[sdk=iphoneos*]" = "iPhone Developer";
				COPY_PHASE_STRIP = NO;
				DEBUG_INFORMATION_FORMAT = dwarf;
				ENABLE_STRICT_OBJC_MSGSEND = YES;
				ENABLE_TESTABILITY = YES;
				GCC_C_LANGUAGE_STANDARD = gnu99;
				GCC_DYNAMIC_NO_PIC = NO;
				GCC_NO_COMMON_BLOCKS = YES;
				GCC_OPTIMIZATION_LEVEL = 0;
				GCC_PREPROCESSOR_DEFINITIONS = (
					"DEBUG=1",
					"$(inherited)",
				);
				GCC_WARN_64_TO_32_BIT_CONVERSION = YES;
				GCC_WARN_ABOUT_RETURN_TYPE = YES_ERROR;
				GCC_WARN_UNDECLARED_SELECTOR = YES;
				GCC_WARN_UNINITIALIZED_AUTOS = YES_AGGRESSIVE;
				GCC_WARN_UNUSED_FUNCTION = YES;
				GCC_WARN_UNUSED_VARIABLE = YES;
				IPHONEOS_DEPLOYMENT_TARGET = 10.0;
				MTL_ENABLE_DEBUG_INFO = YES;
				ONLY_ACTIVE_ARCH = YES;
				SDKROOT = iphoneos;
				TARGETED_DEVICE_FAMILY = "1,2";
			};
			name = Debug;
		};
		9154310B1DE0072900832AE5 /* Release */ = {
			isa = XCBuildConfiguration;
			buildSettings = {
				ALWAYS_SEARCH_USER_PATHS = NO;
				CLANG_ANALYZER_NONNULL = YES;
				CLANG_CXX_LANGUAGE_STANDARD = "gnu++0x";
				CLANG_CXX_LIBRARY = "libc++";
				CLANG_ENABLE_MODULES = YES;
				CLANG_ENABLE_OBJC_ARC = YES;
				CLANG_WARN_BOOL_CONVERSION = YES;
				CLANG_WARN_CONSTANT_CONVERSION = YES;
				CLANG_WARN_DIRECT_OBJC_ISA_USAGE = YES_ERROR;
				CLANG_WARN_DOCUMENTATION_COMMENTS = YES;
				CLANG_WARN_EMPTY_BODY = YES;
				CLANG_WARN_ENUM_CONVERSION = YES;
				CLANG_WARN_INFINITE_RECURSION = YES;
				CLANG_WARN_INT_CONVERSION = YES;
				CLANG_WARN_OBJC_ROOT_CLASS = YES_ERROR;
				CLANG_WARN_SUSPICIOUS_MOVE = YES;
				CLANG_WARN_SUSPICIOUS_MOVES = YES;
				CLANG_WARN_UNREACHABLE_CODE = YES;
				CLANG_WARN__DUPLICATE_METHOD_MATCH = YES;
				"CODE_SIGN_IDENTITY[sdk=iphoneos*]" = "iPhone Developer";
				COPY_PHASE_STRIP = NO;
				DEBUG_INFORMATION_FORMAT = "dwarf-with-dsym";
				ENABLE_NS_ASSERTIONS = NO;
				ENABLE_STRICT_OBJC_MSGSEND = YES;
				GCC_C_LANGUAGE_STANDARD = gnu99;
				GCC_NO_COMMON_BLOCKS = YES;
				GCC_WARN_64_TO_32_BIT_CONVERSION = YES;
				GCC_WARN_ABOUT_RETURN_TYPE = YES_ERROR;
				GCC_WARN_UNDECLARED_SELECTOR = YES;
				GCC_WARN_UNINITIALIZED_AUTOS = YES_AGGRESSIVE;
				GCC_WARN_UNUSED_FUNCTION = YES;
				GCC_WARN_UNUSED_VARIABLE = YES;
				IPHONEOS_DEPLOYMENT_TARGET = 10.0;
				MTL_ENABLE_DEBUG_INFO = NO;
				SDKROOT = iphoneos;
				TARGETED_DEVICE_FAMILY = "1,2";
				VALIDATE_PRODUCT = YES;
			};
			name = Release;
		};
		9154310D1DE0072900832AE5 /* Debug */ = {
			isa = XCBuildConfiguration;
			baseConfigurationReference = 6FB310F86C010E4D49B0923E /* Pods-dnd.debug.xcconfig */;
			buildSettings = {
				ASSETCATALOG_COMPILER_APPICON_NAME = AppIcon;
				DEVELOPMENT_TEAM = P6N4VATRHL;
				INFOPLIST_FILE = dnd/Info.plist;
				LD_RUNPATH_SEARCH_PATHS = "$(inherited) @executable_path/Frameworks";
				PRODUCT_BUNDLE_IDENTIFIER = com.tivonaporter.dungeons;
				PRODUCT_NAME = "$(TARGET_NAME)";
			};
			name = Debug;
		};
		9154310E1DE0072900832AE5 /* Release */ = {
			isa = XCBuildConfiguration;
			baseConfigurationReference = B6040763D338DF53AE88B540 /* Pods-dnd.release.xcconfig */;
			buildSettings = {
				ASSETCATALOG_COMPILER_APPICON_NAME = AppIcon;
				DEVELOPMENT_TEAM = P6N4VATRHL;
				INFOPLIST_FILE = dnd/Info.plist;
				LD_RUNPATH_SEARCH_PATHS = "$(inherited) @executable_path/Frameworks";
				PRODUCT_BUNDLE_IDENTIFIER = com.tivonaporter.dungeons;
				PRODUCT_NAME = "$(TARGET_NAME)";
			};
			name = Release;
		};
/* End XCBuildConfiguration section */

/* Begin XCConfigurationList section */
		915430ED1DE0072800832AE5 /* Build configuration list for PBXProject "dnd" */ = {
			isa = XCConfigurationList;
			buildConfigurations = (
				9154310A1DE0072900832AE5 /* Debug */,
				9154310B1DE0072900832AE5 /* Release */,
			);
			defaultConfigurationIsVisible = 0;
			defaultConfigurationName = Release;
		};
		9154310C1DE0072900832AE5 /* Build configuration list for PBXNativeTarget "dnd" */ = {
			isa = XCConfigurationList;
			buildConfigurations = (
				9154310D1DE0072900832AE5 /* Debug */,
				9154310E1DE0072900832AE5 /* Release */,
			);
			defaultConfigurationIsVisible = 0;
			defaultConfigurationName = Release;
		};
/* End XCConfigurationList section */
	};
	rootObject = 915430EA1DE0072800832AE5 /* Project object */;
}
